Microsoft Visual Studio Solution File, Format Version 11.00
# Visual Studio 2008

Project("{43007C93-471D-EB95-500A-926C8BE7BAB7}") = "dexCube", "Assembly-CSharp-firstpass-vs.csproj", "{9B5B22CD-8126-45F3-41FE-3CE39B12CD95}"
EndProject
Project("{43007C93-471D-EB95-500A-926C8BE7BAB7}") = "dexCube", "Assembly-CSharp-vs.csproj", "{4DAA2F4E-736E-66E1-846D-F66ABFAC4647}"
EndProject
Project("{43007C93-471D-EB95-500A-926C8BE7BAB7}") = "dexCube", "Assembly-CSharp-Editor-vs.csproj", "{796FAE04-DD71-6527-9653-44050BE60AD9}"
EndProject
Global
	GlobalSection(SolutionConfigurationPlatforms) = preSolution
		Debug|Any CPU = Debug|Any CPU
		Release|Any CPU = Release|Any CPU
	EndGlobalSection
	GlobalSection(ProjectConfigurationPlatforms) = postSolution
		{9B5B22CD-8126-45F3-41FE-3CE39B12CD95}.Debug|Any CPU.ActiveCfg = Debug|Any CPU
		{9B5B22CD-8126-45F3-41FE-3CE39B12CD95}.Debug|Any CPU.Build.0 = Debug|Any CPU
		{9B5B22CD-8126-45F3-41FE-3CE39B12CD95}.Release|Any CPU.ActiveCfg = Release|Any CPU
		{9B5B22CD-8126-45F3-41FE-3CE39B12CD95}.Release|Any CPU.Build.0 = Release|Any CPU
		{4DAA2F4E-736E-66E1-846D-F66ABFAC4647}.Debug|Any CPU.ActiveCfg = Debug|Any CPU
		{4DAA2F4E-736E-66E1-846D-F66ABFAC4647}.Debug|Any CPU.Build.0 = Debug|Any CPU
		{4DAA2F4E-736E-66E1-846D-F66ABFAC4647}.Release|Any CPU.ActiveCfg = Release|Any CPU
		{4DAA2F4E-736E-66E1-846D-F66ABFAC4647}.Release|Any CPU.Build.0 = Release|Any CPU
		{796FAE04-DD71-6527-9653-44050BE60AD9}.Debug|Any CPU.ActiveCfg = Debug|Any CPU
		{796FAE04-DD71-6527-9653-44050BE60AD9}.Debug|Any CPU.Build.0 = Debug|Any CPU
		{796FAE04-DD71-6527-9653-44050BE60AD9}.Release|Any CPU.ActiveCfg = Release|Any CPU
		{796FAE04-DD71-6527-9653-44050BE60AD9}.Release|Any CPU.Build.0 = Release|Any CPU
	EndGlobalSection
	GlobalSection(SolutionProperties) = preSolution
		HideSolutionNode = FALSE
	EndGlobalSection
		GlobalSection(MonoDevelopProperties) = preSolution
		StartupItem = Assembly-CSharp.csproj
		Policies = $0
		$0.TextStylePolicy = $1
		$1.inheritsSet = null
		$1.scope = text/x-csharp
		$0.CSharpFormattingPolicy = $2
		$2.inheritsSet = Mono
		$2.inheritsScope = text/x-csharp
		$2.scope = text/x-csharp
		$0.TextStylePolicy = $3
		$3.FileWidth = 120
		$3.TabWidth = 4
		$3.IndentWidth = 4
		$3.EolMarker = Unix
		$3.inheritsSet = Mono
		$3.inheritsScope = text/plain
		$3.scope = text/plain
	EndGlobalSection

EndGlobal
